// !$*UTF8*$!
{
	archiveVersion = 1;
	classes = {
	};
	objectVersion = 46;
	objects = {

/* Begin PBXBuildFile section */
		184C452F1A2D9C9E009C9416 /* main.m in Sources */ = {isa = PBXBuildFile; fileRef = 184C452E1A2D9C9E009C9416 /* main.m */; };
		184C45321A2D9C9E009C9416 /* AppDelegate.m in Sources */ = {isa = PBXBuildFile; fileRef = 184C45311A2D9C9E009C9416 /* AppDelegate.m */; };
		184C45351A2D9C9E009C9416 /* ViewController.m in Sources */ = {isa = PBXBuildFile; fileRef = 184C45341A2D9C9E009C9416 /* ViewController.m */; };
		184C45381A2D9C9E009C9416 /* Main.storyboard in Resources */ = {isa = PBXBuildFile; fileRef = 184C45361A2D9C9E009C9416 /* Main.storyboard */; };
		184C453A1A2D9C9E009C9416 /* Images.xcassets in Resources */ = {isa = PBXBuildFile; fileRef = 184C45391A2D9C9E009C9416 /* Images.xcassets */; };
		184C453D1A2D9C9E009C9416 /* LaunchScreen.xib in Resources */ = {isa = PBXBuildFile; fileRef = 184C453B1A2D9C9E009C9416 /* LaunchScreen.xib */; };
		184C45491A2D9C9E009C9416 /* _5____UIPresentationControllerTests.m in Sources */ = {isa = PBXBuildFile; fileRef = 184C45481A2D9C9E009C9416 /* _5____UIPresentationControllerTests.m */; };
		184C45551A2D9CB0009C9416 /* HMSecondViewController.m in Sources */ = {isa = PBXBuildFile; fileRef = 184C45531A2D9CB0009C9416 /* HMSecondViewController.m */; };
		184C45561A2D9CB0009C9416 /* HMSecondViewController.xib in Resources */ = {isa = PBXBuildFile; fileRef = 184C45541A2D9CB0009C9416 /* HMSecondViewController.xib */; };
		184C45591A2D9DCA009C9416 /* HMPresentationController.m in Sources */ = {isa = PBXBuildFile; fileRef = 184C45581A2D9DCA009C9416 /* HMPresentationController.m */; };
		184C455C1A2DA41D009C9416 /* UIView+Extension.m in Sources */ = {isa = PBXBuildFile; fileRef = 184C455B1A2DA41D009C9416 /* UIView+Extension.m */; };
		184C455F1A2DA52A009C9416 /* HMAnimatedTransitioning.m in Sources */ = {isa = PBXBuildFile; fileRef = 184C455E1A2DA52A009C9416 /* HMAnimatedTransitioning.m */; };
		184C45621A2DAD50009C9416 /* HMHomeViewController.m in Sources */ = {isa = PBXBuildFile; fileRef = 184C45611A2DAD50009C9416 /* HMHomeViewController.m */; };
		184C45651A2DAE16009C9416 /* HMTransition.m in Sources */ = {isa = PBXBuildFile; fileRef = 184C45641A2DAE16009C9416 /* HMTransition.m */; };
/* End PBXBuildFile section */

/* Begin PBXContainerItemProxy section */
		184C45431A2D9C9E009C9416 /* PBXContainerItemProxy */ = {
			isa = PBXContainerItemProxy;
			containerPortal = 184C45211A2D9C9E009C9416 /* Project object */;
			proxyType = 1;
			remoteGlobalIDString = 184C45281A2D9C9E009C9416;
			remoteInfo = "05-自定义UIPresentationController";
		};
/* End PBXContainerItemProxy section */

/* Begin PBXFileReference section */
		184C45291A2D9C9E009C9416 /* 05-自定义UIPresentationController.app */ = {isa = PBXFileReference; explicitFileType = wrapper.application; includeInIndex = 0; path = "05-自定义UIPresentationController.app"; sourceTree = BUILT_PRODUCTS_DIR; };
		184C452D1A2D9C9E009C9416 /* Info.plist */ = {isa = PBXFileReference; lastKnownFileType = text.plist.xml; path = Info.plist; sourceTree = "<group>"; };
		184C452E1A2D9C9E009C9416 /* main.m */ = {isa = PBXFileReference; lastKnownFileType = sourcecode.c.objc; path = main.m; sourceTree = "<group>"; };
		184C45301A2D9C9E009C9416 /* AppDelegate.h */ = {isa = PBXFileReference; lastKnownFileType = sourcecode.c.h; path = AppDelegate.h; sourceTree = "<group>"; };
		184C45311A2D9C9E009C9416 /* AppDelegate.m */ = {isa = PBXFileReference; lastKnownFileType = sourcecode.c.objc; path = AppDelegate.m; sourceTree = "<group>"; };
		184C45331A2D9C9E009C9416 /* ViewController.h */ = {isa = PBXFileReference; lastKnownFileType = sourcecode.c.h; path = ViewController.h; sourceTree = "<group>"; };
		184C45341A2D9C9E009C9416 /* ViewController.m */ = {isa = PBXFileReference; lastKnownFileType = sourcecode.c.objc; path = ViewController.m; sourceTree = "<group>"; };
		184C45371A2D9C9E009C9416 /* Base */ = {isa = PBXFileReference; lastKnownFileType = file.storyboard; name = Base; path = Base.lproj/Main.storyboard; sourceTree = "<group>"; };
		184C45391A2D9C9E009C9416 /* Images.xcassets */ = {isa = PBXFileReference; lastKnownFileType = folder.assetcatalog; path = Images.xcassets; sourceTree = "<group>"; };
		184C453C1A2D9C9E009C9416 /* Base */ = {isa = PBXFileReference; lastKnownFileType = file.xib; name = Base; path = Base.lproj/LaunchScreen.xib; sourceTree = "<group>"; };
		184C45421A2D9C9E009C9416 /* 05-自定义UIPresentationControllerTests.xctest */ = {isa = PBXFileReference; explicitFileType = wrapper.cfbundle; includeInIndex = 0; path = "05-自定义UIPresentationControllerTests.xctest"; sourceTree = BUILT_PRODUCTS_DIR; };
		184C45471A2D9C9E009C9416 /* Info.plist */ = {isa = PBXFileReference; lastKnownFileType = text.plist.xml; path = Info.plist; sourceTree = "<group>"; };
		184C45481A2D9C9E009C9416 /* _5____UIPresentationControllerTests.m */ = {isa = PBXFileReference; lastKnownFileType = sourcecode.c.objc; path = "_5____UIPresentationControllerTests.m"; sourceTree = "<group>"; };
		184C45521A2D9CB0009C9416 /* HMSecondViewController.h */ = {isa = PBXFileReference; fileEncoding = 4; lastKnownFileType = sourcecode.c.h; path = HMSecondViewController.h; sourceTree = "<group>"; };
		184C45531A2D9CB0009C9416 /* HMSecondViewController.m */ = {isa = PBXFileReference; fileEncoding = 4; lastKnownFileType = sourcecode.c.objc; path = HMSecondViewController.m; sourceTree = "<group>"; };
		184C45541A2D9CB0009C9416 /* HMSecondViewController.xib */ = {isa = PBXFileReference; fileEncoding = 4; lastKnownFileType = file.xib; path = HMSecondViewController.xib; sourceTree = "<group>"; };
		184C45571A2D9DCA009C9416 /* HMPresentationController.h */ = {isa = PBXFileReference; fileEncoding = 4; lastKnownFileType = sourcecode.c.h; path = HMPresentationController.h; sourceTree = "<group>"; };
		184C45581A2D9DCA009C9416 /* HMPresentationController.m */ = {isa = PBXFileReference; fileEncoding = 4; lastKnownFileType = sourcecode.c.objc; path = HMPresentationController.m; sourceTree = "<group>"; };
		184C455A1A2DA41D009C9416 /* UIView+Extension.h */ = {isa = PBXFileReference; fileEncoding = 4; lastKnownFileType = sourcecode.c.h; path = "UIView+Extension.h"; sourceTree = "<group>"; };
		184C455B1A2DA41D009C9416 /* UIView+Extension.m */ = {isa = PBXFileReference; fileEncoding = 4; lastKnownFileType = sourcecode.c.objc; path = "UIView+Extension.m"; sourceTree = "<group>"; };
		184C455D1A2DA52A009C9416 /* HMAnimatedTransitioning.h */ = {isa = PBXFileReference; fileEncoding = 4; lastKnownFileType = sourcecode.c.h; path = HMAnimatedTransitioning.h; sourceTree = "<group>"; };
		184C455E1A2DA52A009C9416 /* HMAnimatedTransitioning.m */ = {isa = PBXFileReference; fileEncoding = 4; lastKnownFileType = sourcecode.c.objc; path = HMAnimatedTransitioning.m; sourceTree = "<group>"; };
		184C45601A2DAD50009C9416 /* HMHomeViewController.h */ = {isa = PBXFileReference; fileEncoding = 4; lastKnownFileType = sourcecode.c.h; path = HMHomeViewController.h; sourceTree = "<group>"; };
		184C45611A2DAD50009C9416 /* HMHomeViewController.m */ = {isa = PBXFileReference; fileEncoding = 4; lastKnownFileType = sourcecode.c.objc; path = HMHomeViewController.m; sourceTree = "<group>"; };
		184C45631A2DAE16009C9416 /* HMTransition.h */ = {isa = PBXFileReference; fileEncoding = 4; lastKnownFileType = sourcecode.c.h; path = HMTransition.h; sourceTree = "<group>"; };
		184C45641A2DAE16009C9416 /* HMTransition.m */ = {isa = PBXFileReference; fileEncoding = 4; lastKnownFileType = sourcecode.c.objc; path = HMTransition.m; sourceTree = "<group>"; };
		184C45671A2DAEEE009C9416 /* Singleton.h */ = {isa = PBXFileReference; lastKnownFileType = sourcecode.c.h; path = Singleton.h; sourceTree = "<group>"; };
/* End PBXFileReference section */

/* Begin PBXFrameworksBuildPhase section */
		184C45261A2D9C9E009C9416 /* Frameworks */ = {
			isa = PBXFrameworksBuildPhase;
			buildActionMask = 2147483647;
			files = (
			);
			runOnlyForDeploymentPostprocessing = 0;
		};
		184C453F1A2D9C9E009C9416 /* Frameworks */ = {
			isa = PBXFrameworksBuildPhase;
			buildActionMask = 2147483647;
			files = (
			);
			runOnlyForDeploymentPostprocessing = 0;
		};
/* End PBXFrameworksBuildPhase section */

/* Begin PBXGroup section */
		184C45201A2D9C9E009C9416 = {
			isa = PBXGroup;
			children = (
				184C452B1A2D9C9E009C9416 /* 05-自定义UIPresentationController */,
				184C45451A2D9C9E009C9416 /* 05-自定义UIPresentationControllerTests */,
				184C452A1A2D9C9E009C9416 /* Products */,
			);
			sourceTree = "<group>";
		};
		184C452A1A2D9C9E009C9416 /* Products */ = {
			isa = PBXGroup;
			children = (
				184C45291A2D9C9E009C9416 /* 05-自定义UIPresentationController.app */,
				184C45421A2D9C9E009C9416 /* 05-自定义UIPresentationControllerTests.xctest */,
			);
			name = Products;
			sourceTree = "<group>";
		};
		184C452B1A2D9C9E009C9416 /* 05-自定义UIPresentationController */ = {
			isa = PBXGroup;
			children = (
				184C45661A2DAE18009C9416 /* Modal */,
				184C455A1A2DA41D009C9416 /* UIView+Extension.h */,
				184C455B1A2DA41D009C9416 /* UIView+Extension.m */,
				184C45301A2D9C9E009C9416 /* AppDelegate.h */,
				184C45311A2D9C9E009C9416 /* AppDelegate.m */,
				184C45521A2D9CB0009C9416 /* HMSecondViewController.h */,
				184C45531A2D9CB0009C9416 /* HMSecondViewController.m */,
				184C45541A2D9CB0009C9416 /* HMSecondViewController.xib */,
				184C45601A2DAD50009C9416 /* HMHomeViewController.h */,
				184C45611A2DAD50009C9416 /* HMHomeViewController.m */,
				184C45331A2D9C9E009C9416 /* ViewController.h */,
				184C45341A2D9C9E009C9416 /* ViewController.m */,
				184C452C1A2D9C9E009C9416 /* Supporting Files */,
			);
			path = "05-自定义UIPresentationController";
			sourceTree = "<group>";
		};
		184C452C1A2D9C9E009C9416 /* Supporting Files */ = {
			isa = PBXGroup;
			children = (
				184C45361A2D9C9E009C9416 /* Main.storyboard */,
				184C45391A2D9C9E009C9416 /* Images.xcassets */,
				184C453B1A2D9C9E009C9416 /* LaunchScreen.xib */,
				184C452D1A2D9C9E009C9416 /* Info.plist */,
				184C452E1A2D9C9E009C9416 /* main.m */,
			);
			name = "Supporting Files";
			sourceTree = "<group>";
		};
		184C45451A2D9C9E009C9416 /* 05-自定义UIPresentationControllerTests */ = {
			isa = PBXGroup;
			children = (
				184C45481A2D9C9E009C9416 /* _5____UIPresentationControllerTests.m */,
				184C45461A2D9C9E009C9416 /* Supporting Files */,
			);
			path = "05-自定义UIPresentationControllerTests";
			sourceTree = "<group>";
		};
		184C45461A2D9C9E009C9416 /* Supporting Files */ = {
			isa = PBXGroup;
			children = (
				184C45471A2D9C9E009C9416 /* Info.plist */,
			);
			name = "Supporting Files";
			sourceTree = "<group>";
		};
		184C45661A2DAE18009C9416 /* Modal */ = {
			isa = PBXGroup;
			children = (
				184C45671A2DAEEE009C9416 /* Singleton.h */,
				184C45631A2DAE16009C9416 /* HMTransition.h */,
				184C45641A2DAE16009C9416 /* HMTransition.m */,
				184C45571A2D9DCA009C9416 /* HMPresentationController.h */,
				184C45581A2D9DCA009C9416 /* HMPresentationController.m */,
				184C455D1A2DA52A009C9416 /* HMAnimatedTransitioning.h */,
				184C455E1A2DA52A009C9416 /* HMAnimatedTransitioning.m */,
			);
			name = Modal;
			sourceTree = "<group>";
		};
/* End PBXGroup section */

/* Begin PBXNativeTarget section */
		184C45281A2D9C9E009C9416 /* 05-自定义UIPresentationController */ = {
			isa = PBXNativeTarget;
			buildConfigurationList = 184C454C1A2D9C9E009C9416 /* Build configuration list for PBXNativeTarget "05-自定义UIPresentationController" */;
			buildPhases = (
				184C45251A2D9C9E009C9416 /* Sources */,
				184C45261A2D9C9E009C9416 /* Frameworks */,
				184C45271A2D9C9E009C9416 /* Resources */,
			);
			buildRules = (
			);
			dependencies = (
			);
			name = "05-自定义UIPresentationController";
			productName = "05-自定义UIPresentationController";
			productReference = 184C45291A2D9C9E009C9416 /* 05-自定义UIPresentationController.app */;
			productType = "com.apple.product-type.application";
		};
		184C45411A2D9C9E009C9416 /* 05-自定义UIPresentationControllerTests */ = {
			isa = PBXNativeTarget;
			buildConfigurationList = 184C454F1A2D9C9E009C9416 /* Build configuration list for PBXNativeTarget "05-自定义UIPresentationControllerTests" */;
			buildPhases = (
				184C453E1A2D9C9E009C9416 /* Sources */,
				184C453F1A2D9C9E009C9416 /* Frameworks */,
				184C45401A2D9C9E009C9416 /* Resources */,
			);
			buildRules = (
			);
			dependencies = (
				184C45441A2D9C9E009C9416 /* PBXTargetDependency */,
			);
			name = "05-自定义UIPresentationControllerTests";
			productName = "05-自定义UIPresentationControllerTests";
			productReference = 184C45421A2D9C9E009C9416 /* 05-自定义UIPresentationControllerTests.xctest */;
			productType = "com.apple.product-type.bundle.unit-test";
		};
/* End PBXNativeTarget section */

/* Begin PBXProject section */
		184C45211A2D9C9E009C9416 /* Project object */ = {
			isa = PBXProject;
			attributes = {
				LastUpgradeCheck = 0610;
				ORGANIZATIONNAME = heima;
				TargetAttributes = {
					184C45281A2D9C9E009C9416 = {
						CreatedOnToolsVersion = 6.1;
					};
					184C45411A2D9C9E009C9416 = {
						CreatedOnToolsVersion = 6.1;
						TestTargetID = 184C45281A2D9C9E009C9416;
					};
				};
			};
			buildConfigurationList = 184C45241A2D9C9E009C9416 /* Build configuration list for PBXProject "05-自定义UIPresentationController" */;
			compatibilityVersion = "Xcode 3.2";
			developmentRegion = English;
			hasScannedForEncodings = 0;
			knownRegions = (
				en,
				Base,
			);
			mainGroup = 184C45201A2D9C9E009C9416;
			productRefGroup = 184C452A1A2D9C9E009C9416 /* Products */;
			projectDirPath = "";
			projectRoot = "";
			targets = (
				184C45281A2D9C9E009C9416 /* 05-自定义UIPresentationController */,
				184C45411A2D9C9E009C9416 /* 05-自定义UIPresentationControllerTests */,
			);
		};
/* End PBXProject section */

/* Begin PBXResourcesBuildPhase section */
		184C45271A2D9C9E009C9416 /* Resources */ = {
			isa = PBXResourcesBuildPhase;
			buildActionMask = 2147483647;
			files = (
				184C45381A2D9C9E009C9416 /* Main.storyboard in Resources */,
				184C453D1A2D9C9E009C9416 /* LaunchScreen.xib in Resources */,
				184C453A1A2D9C9E009C9416 /* Images.xcassets in Resources */,
				184C45561A2D9CB0009C9416 /* HMSecondViewController.xib in Resources */,
			);
			runOnlyForDeploymentPostprocessing = 0;
		};
		184C45401A2D9C9E009C9416 /* Resources */ = {
			isa = PBXResourcesBuildPhase;
			buildActionMask = 2147483647;
			files = (
			);
			runOnlyForDeploymentPostprocessing = 0;
		};
/* End PBXResourcesBuildPhase section */

/* Begin PBXSourcesBuildPhase section */
		184C45251A2D9C9E009C9416 /* Sources */ = {
			isa = PBXSourcesBuildPhase;
			buildActionMask = 2147483647;
			files = (
				184C455C1A2DA41D009C9416 /* UIView+Extension.m in Sources */,
				184C45351A2D9C9E009C9416 /* ViewController.m in Sources */,
				184C455F1A2DA52A009C9416 /* HMAnimatedTransitioning.m in Sources */,
				184C45321A2D9C9E009C9416 /* AppDelegate.m in Sources */,
				184C452F1A2D9C9E009C9416 /* main.m in Sources */,
				184C45591A2D9DCA009C9416 /* HMPresentationController.m in Sources */,
				184C45621A2DAD50009C9416 /* HMHomeViewController.m in Sources */,
				184C45651A2DAE16009C9416 /* HMTransition.m in Sources */,
				184C45551A2D9CB0009C9416 /* HMSecondViewController.m in Sources */,
			);
			runOnlyForDeploymentPostprocessing = 0;
		};
		184C453E1A2D9C9E009C9416 /* Sources */ = {
			isa = PBXSourcesBuildPhase;
			buildActionMask = 2147483647;
			files = (
				184C45491A2D9C9E009C9416 /* _5____UIPresentationControllerTests.m in Sources */,
			);
			runOnlyForDeploymentPostprocessing = 0;
		};
/* End PBXSourcesBuildPhase section */

/* Begin PBXTargetDependency section */
		184C45441A2D9C9E009C9416 /* PBXTargetDependency */ = {
			isa = PBXTargetDependency;
			target = 184C45281A2D9C9E009C9416 /* 05-自定义UIPresentationController */;
			targetProxy = 184C45431A2D9C9E009C9416 /* PBXContainerItemProxy */;
		};
/* End PBXTargetDependency section */

/* Begin PBXVariantGroup section */
		184C45361A2D9C9E009C9416 /* Main.storyboard */ = {
			isa = PBXVariantGroup;
			children = (
				184C45371A2D9C9E009C9416 /* Base */,
			);
			name = Main.storyboard;
			sourceTree = "<group>";
		};
		184C453B1A2D9C9E009C9416 /* LaunchScreen.xib */ = {
			isa = PBXVariantGroup;
			children = (
				184C453C1A2D9C9E009C9416 /* Base */,
			);
			name = LaunchScreen.xib;
			sourceTree = "<group>";
		};
/* End PBXVariantGroup section */

/* Begin XCBuildConfiguration section */
		184C454A1A2D9C9E009C9416 /* Debug */ = {
			isa = XCBuildConfiguration;
			buildSettings = {
				ALWAYS_SEARCH_USER_PATHS = NO;
				CLANG_CXX_LANGUAGE_STANDARD = "gnu++0x";
				CLANG_CXX_LIBRARY = "libc++";
				CLANG_ENABLE_MODULES = YES;
				CLANG_ENABLE_OBJC_ARC = YES;
				CLANG_WARN_BOOL_CONVERSION = YES;
				CLANG_WARN_CONSTANT_CONVERSION = YES;
				CLANG_WARN_DIRECT_OBJC_ISA_USAGE = YES_ERROR;
				CLANG_WARN_EMPTY_BODY = YES;
				CLANG_WARN_ENUM_CONVERSION = YES;
				CLANG_WARN_INT_CONVERSION = YES;
				CLANG_WARN_OBJC_ROOT_CLASS = YES_ERROR;
				CLANG_WARN_UNREACHABLE_CODE = YES;
				CLANG_WARN__DUPLICATE_METHOD_MATCH = YES;
				"CODE_SIGN_IDENTITY[sdk=iphoneos*]" = "iPhone Developer";
				COPY_PHASE_STRIP = NO;
				ENABLE_STRICT_OBJC_MSGSEND = YES;
				GCC_C_LANGUAGE_STANDARD = gnu99;
				GCC_DYNAMIC_NO_PIC = NO;
				GCC_OPTIMIZATION_LEVEL = 0;
				GCC_PREPROCESSOR_DEFINITIONS = (
					"DEBUG=1",
					"$(inherited)",
				);
				GCC_SYMBOLS_PRIVATE_EXTERN = NO;
				GCC_WARN_64_TO_32_BIT_CONVERSION = YES;
				GCC_WARN_ABOUT_RETURN_TYPE = YES_ERROR;
				GCC_WARN_UNDECLARED_SELECTOR = YES;
				GCC_WARN_UNINITIALIZED_AUTOS = YES_AGGRESSIVE;
				GCC_WARN_UNUSED_FUNCTION = YES;
				GCC_WARN_UNUSED_VARIABLE = YES;
				IPHONEOS_DEPLOYMENT_TARGET = 8.1;
				MTL_ENABLE_DEBUG_INFO = YES;
				ONLY_ACTIVE_ARCH = YES;
				SDKROOT = iphoneos;
				TARGETED_DEVICE_FAMILY = "1,2";
			};
			name = Debug;
		};
		184C454B1A2D9C9E009C9416 /* Release */ = {
			isa = XCBuildConfiguration;
			buildSettings = {
				ALWAYS_SEARCH_USER_PATHS = NO;
				CLANG_CXX_LANGUAGE_STANDARD = "gnu++0x";
				CLANG_CXX_LIBRARY = "libc++";
				CLANG_ENABLE_MODULES = YES;
				CLANG_ENABLE_OBJC_ARC = YES;
				CLANG_WARN_BOOL_CONVERSION = YES;
				CLANG_WARN_CONSTANT_CONVERSION = YES;
				CLANG_WARN_DIRECT_OBJC_ISA_USAGE = YES_ERROR;
				CLANG_WARN_EMPTY_BODY = YES;
				CLANG_WARN_ENUM_CONVERSION = YES;
				CLANG_WARN_INT_CONVERSION = YES;
				CLANG_WARN_OBJC_ROOT_CLASS = YES_ERROR;
				CLANG_WARN_UNREACHABLE_CODE = YES;
				CLANG_WARN__DUPLICATE_METHOD_MATCH = YES;
				"CODE_SIGN_IDENTITY[sdk=iphoneos*]" = "iPhone Developer";
				COPY_PHASE_STRIP = YES;
				ENABLE_NS_ASSERTIONS = NO;
				ENABLE_STRICT_OBJC_MSGSEND = YES;
				GCC_C_LANGUAGE_STANDARD = gnu99;
				GCC_WARN_64_TO_32_BIT_CONVERSION = YES;
				GCC_WARN_ABOUT_RETURN_TYPE = YES_ERROR;
				GCC_WARN_UNDECLARED_SELECTOR = YES;
				GCC_WARN_UNINITIALIZED_AUTOS = YES_AGGRESSIVE;
				GCC_WARN_UNUSED_FUNCTION = YES;
				GCC_WARN_UNUSED_VARIABLE = YES;
				IPHONEOS_DEPLOYMENT_TARGET = 8.1;
				MTL_ENABLE_DEBUG_INFO = NO;
				SDKROOT = iphoneos;
				TARGETED_DEVICE_FAMILY = "1,2";
				VALIDATE_PRODUCT = YES;
			};
			name = Release;
		};
		184C454D1A2D9C9E009C9416 /* Debug */ = {
			isa = XCBuildConfiguration;
			buildSettings = {
				ASSETCATALOG_COMPILER_APPICON_NAME = AppIcon;
				INFOPLIST_FILE = "05-自定义UIPresentationController/Info.plist";
				LD_RUNPATH_SEARCH_PATHS = "$(inherited) @executable_path/Frameworks";
				PRODUCT_NAME = "$(TARGET_NAME)";
			};
			name = Debug;
		};
		184C454E1A2D9C9E009C9416 /* Release */ = {
			isa = XCBuildConfiguration;
			buildSettings = {
				ASSETCATALOG_COMPILER_APPICON_NAME = AppIcon;
				INFOPLIST_FILE = "05-自定义UIPresentationController/Info.plist";
				LD_RUNPATH_SEARCH_PATHS = "$(inherited) @executable_path/Frameworks";
				PRODUCT_NAME = "$(TARGET_NAME)";
			};
			name = Release;
		};
		184C45501A2D9C9E009C9416 /* Debug */ = {
			isa = XCBuildConfiguration;
			buildSettings = {
				BUNDLE_LOADER = "$(TEST_HOST)";
				FRAMEWORK_SEARCH_PATHS = (
					"$(SDKROOT)/Developer/Library/Frameworks",
					"$(inherited)",
				);
				GCC_PREPROCESSOR_DEFINITIONS = (
					"DEBUG=1",
					"$(inherited)",
				);
				INFOPLIST_FILE = "05-自定义UIPresentationControllerTests/Info.plist";
				LD_RUNPATH_SEARCH_PATHS = "$(inherited) @executable_path/Frameworks @loader_path/Frameworks";
				PRODUCT_NAME = "$(TARGET_NAME)";
				TEST_HOST = "$(BUILT_PRODUCTS_DIR)/05-自定义UIPresentationController.app/05-自定义UIPresentationController";
			};
			name = Debug;
		};
		184C45511A2D9C9E009C9416 /* Release */ = {
			isa = XCBuildConfiguration;
			buildSettings = {
				BUNDLE_LOADER = "$(TEST_HOST)";
				FRAMEWORK_SEARCH_PATHS = (
					"$(SDKROOT)/Developer/Library/Frameworks",
					"$(inherited)",
				);
				INFOPLIST_FILE = "05-自定义UIPresentationControllerTests/Info.plist";
				LD_RUNPATH_SEARCH_PATHS = "$(inherited) @executable_path/Frameworks @loader_path/Frameworks";
				PRODUCT_NAME = "$(TARGET_NAME)";
				TEST_HOST = "$(BUILT_PRODUCTS_DIR)/05-自定义UIPresentationController.app/05-自定义UIPresentationController";
			};
			name = Release;
		};
/* End XCBuildConfiguration section */

/* Begin XCConfigurationList section */
		184C45241A2D9C9E009C9416 /* Build configuration list for PBXProject "05-自定义UIPresentationController" */ = {
			isa = XCConfigurationList;
			buildConfigurations = (
				184C454A1A2D9C9E009C9416 /* Debug */,
				184C454B1A2D9C9E009C9416 /* Release */,
			);
			defaultConfigurationIsVisible = 0;
			defaultConfigurationName = Release;
		};
		184C454C1A2D9C9E009C9416 /* Build configuration list for PBXNativeTarget "05-自定义UIPresentationController" */ = {
			isa = XCConfigurationList;
			buildConfigurations = (
				184C454D1A2D9C9E009C9416 /* Debug */,
				184C454E1A2D9C9E009C9416 /* Release */,
			);
			defaultConfigurationIsVisible = 0;
		};
		184C454F1A2D9C9E009C9416 /* Build configuration list for PBXNativeTarget "05-自定义UIPresentationControllerTests" */ = {
			isa = XCConfigurationList;
			buildConfigurations = (
				184C45501A2D9C9E009C9416 /* Debug */,
				184C45511A2D9C9E009C9416 /* Release */,
			);
			defaultConfigurationIsVisible = 0;
		};
/* End XCConfigurationList section */
	};
	rootObject = 184C45211A2D9C9E009C9416 /* Project object */;
}
