// !$*UTF8*$!
{
	archiveVersion = 1;
	classes = {
	};
	objectVersion = 46;
	objects = {

/* Begin PBXBuildFile section */
		18CF55E41A1EC6D0005B500F /* main.m in Sources */ = {isa = PBXBuildFile; fileRef = 18CF55E31A1EC6D0005B500F /* main.m */; };
		18CF55E71A1EC6D0005B500F /* AppDelegate.m in Sources */ = {isa = PBXBuildFile; fileRef = 18CF55E61A1EC6D0005B500F /* AppDelegate.m */; };
		18CF55EA1A1EC6D0005B500F /* ViewController.m in Sources */ = {isa = PBXBuildFile; fileRef = 18CF55E91A1EC6D0005B500F /* ViewController.m */; };
		18CF55ED1A1EC6D0005B500F /* Main.storyboard in Resources */ = {isa = PBXBuildFile; fileRef = 18CF55EB1A1EC6D0005B500F /* Main.storyboard */; };
		18CF55EF1A1EC6D0005B500F /* Images.xcassets in Resources */ = {isa = PBXBuildFile; fileRef = 18CF55EE1A1EC6D0005B500F /* Images.xcassets */; };
		18CF55F21A1EC6D0005B500F /* LaunchScreen.xib in Resources */ = {isa = PBXBuildFile; fileRef = 18CF55F01A1EC6D0005B500F /* LaunchScreen.xib */; };
		18CF55FE1A1EC6D0005B500F /* _1_Popover_________Tests.m in Sources */ = {isa = PBXBuildFile; fileRef = 18CF55FD1A1EC6D0005B500F /* _1_Popover_________Tests.m */; };
		18CF56091A1EC9BB005B500F /* HMMenuViewController.m in Sources */ = {isa = PBXBuildFile; fileRef = 18CF56081A1EC9BB005B500F /* HMMenuViewController.m */; };
/* End PBXBuildFile section */

/* Begin PBXContainerItemProxy section */
		18CF55F81A1EC6D0005B500F /* PBXContainerItemProxy */ = {
			isa = PBXContainerItemProxy;
			containerPortal = 18CF55D61A1EC6D0005B500F /* Project object */;
			proxyType = 1;
			remoteGlobalIDString = 18CF55DD1A1EC6D0005B500F;
			remoteInfo = "01-Popover的基本使用(掌握)";
		};
/* End PBXContainerItemProxy section */

/* Begin PBXFileReference section */
		18CF55DE1A1EC6D0005B500F /* 01-Popover的基本使用(掌握).app */ = {isa = PBXFileReference; explicitFileType = wrapper.application; includeInIndex = 0; path = "01-Popover的基本使用(掌握).app"; sourceTree = BUILT_PRODUCTS_DIR; };
		18CF55E21A1EC6D0005B500F /* Info.plist */ = {isa = PBXFileReference; lastKnownFileType = text.plist.xml; path = Info.plist; sourceTree = "<group>"; };
		18CF55E31A1EC6D0005B500F /* main.m */ = {isa = PBXFileReference; lastKnownFileType = sourcecode.c.objc; path = main.m; sourceTree = "<group>"; };
		18CF55E51A1EC6D0005B500F /* AppDelegate.h */ = {isa = PBXFileReference; lastKnownFileType = sourcecode.c.h; path = AppDelegate.h; sourceTree = "<group>"; };
		18CF55E61A1EC6D0005B500F /* AppDelegate.m */ = {isa = PBXFileReference; lastKnownFileType = sourcecode.c.objc; path = AppDelegate.m; sourceTree = "<group>"; };
		18CF55E81A1EC6D0005B500F /* ViewController.h */ = {isa = PBXFileReference; lastKnownFileType = sourcecode.c.h; path = ViewController.h; sourceTree = "<group>"; };
		18CF55E91A1EC6D0005B500F /* ViewController.m */ = {isa = PBXFileReference; lastKnownFileType = sourcecode.c.objc; path = ViewController.m; sourceTree = "<group>"; };
		18CF55EC1A1EC6D0005B500F /* Base */ = {isa = PBXFileReference; lastKnownFileType = file.storyboard; name = Base; path = Base.lproj/Main.storyboard; sourceTree = "<group>"; };
		18CF55EE1A1EC6D0005B500F /* Images.xcassets */ = {isa = PBXFileReference; lastKnownFileType = folder.assetcatalog; path = Images.xcassets; sourceTree = "<group>"; };
		18CF55F11A1EC6D0005B500F /* Base */ = {isa = PBXFileReference; lastKnownFileType = file.xib; name = Base; path = Base.lproj/LaunchScreen.xib; sourceTree = "<group>"; };
		18CF55F71A1EC6D0005B500F /* 01-Popover的基本使用(掌握)Tests.xctest */ = {isa = PBXFileReference; explicitFileType = wrapper.cfbundle; includeInIndex = 0; path = "01-Popover的基本使用(掌握)Tests.xctest"; sourceTree = BUILT_PRODUCTS_DIR; };
		18CF55FC1A1EC6D0005B500F /* Info.plist */ = {isa = PBXFileReference; lastKnownFileType = text.plist.xml; path = Info.plist; sourceTree = "<group>"; };
		18CF55FD1A1EC6D0005B500F /* _1_Popover_________Tests.m */ = {isa = PBXFileReference; lastKnownFileType = sourcecode.c.objc; path = "_1_Popover_________Tests.m"; sourceTree = "<group>"; };
		18CF56071A1EC9BB005B500F /* HMMenuViewController.h */ = {isa = PBXFileReference; fileEncoding = 4; lastKnownFileType = sourcecode.c.h; path = HMMenuViewController.h; sourceTree = "<group>"; };
		18CF56081A1EC9BB005B500F /* HMMenuViewController.m */ = {isa = PBXFileReference; fileEncoding = 4; lastKnownFileType = sourcecode.c.objc; path = HMMenuViewController.m; sourceTree = "<group>"; };
/* End PBXFileReference section */

/* Begin PBXFrameworksBuildPhase section */
		18CF55DB1A1EC6D0005B500F /* Frameworks */ = {
			isa = PBXFrameworksBuildPhase;
			buildActionMask = 2147483647;
			files = (
			);
			runOnlyForDeploymentPostprocessing = 0;
		};
		18CF55F41A1EC6D0005B500F /* Frameworks */ = {
			isa = PBXFrameworksBuildPhase;
			buildActionMask = 2147483647;
			files = (
			);
			runOnlyForDeploymentPostprocessing = 0;
		};
/* End PBXFrameworksBuildPhase section */

/* Begin PBXGroup section */
		18CF55D51A1EC6D0005B500F = {
			isa = PBXGroup;
			children = (
				18CF55E01A1EC6D0005B500F /* 01-Popover的基本使用(掌握) */,
				18CF55FA1A1EC6D0005B500F /* 01-Popover的基本使用(掌握)Tests */,
				18CF55DF1A1EC6D0005B500F /* Products */,
			);
			sourceTree = "<group>";
		};
		18CF55DF1A1EC6D0005B500F /* Products */ = {
			isa = PBXGroup;
			children = (
				18CF55DE1A1EC6D0005B500F /* 01-Popover的基本使用(掌握).app */,
				18CF55F71A1EC6D0005B500F /* 01-Popover的基本使用(掌握)Tests.xctest */,
			);
			name = Products;
			sourceTree = "<group>";
		};
		18CF55E01A1EC6D0005B500F /* 01-Popover的基本使用(掌握) */ = {
			isa = PBXGroup;
			children = (
				18CF55E51A1EC6D0005B500F /* AppDelegate.h */,
				18CF55E61A1EC6D0005B500F /* AppDelegate.m */,
				18CF55E81A1EC6D0005B500F /* ViewController.h */,
				18CF55E91A1EC6D0005B500F /* ViewController.m */,
				18CF56071A1EC9BB005B500F /* HMMenuViewController.h */,
				18CF56081A1EC9BB005B500F /* HMMenuViewController.m */,
				18CF55EB1A1EC6D0005B500F /* Main.storyboard */,
				18CF55EE1A1EC6D0005B500F /* Images.xcassets */,
				18CF55F01A1EC6D0005B500F /* LaunchScreen.xib */,
				18CF55E11A1EC6D0005B500F /* Supporting Files */,
			);
			path = "01-Popover的基本使用(掌握)";
			sourceTree = "<group>";
		};
		18CF55E11A1EC6D0005B500F /* Supporting Files */ = {
			isa = PBXGroup;
			children = (
				18CF55E21A1EC6D0005B500F /* Info.plist */,
				18CF55E31A1EC6D0005B500F /* main.m */,
			);
			name = "Supporting Files";
			sourceTree = "<group>";
		};
		18CF55FA1A1EC6D0005B500F /* 01-Popover的基本使用(掌握)Tests */ = {
			isa = PBXGroup;
			children = (
				18CF55FD1A1EC6D0005B500F /* _1_Popover_________Tests.m */,
				18CF55FB1A1EC6D0005B500F /* Supporting Files */,
			);
			path = "01-Popover的基本使用(掌握)Tests";
			sourceTree = "<group>";
		};
		18CF55FB1A1EC6D0005B500F /* Supporting Files */ = {
			isa = PBXGroup;
			children = (
				18CF55FC1A1EC6D0005B500F /* Info.plist */,
			);
			name = "Supporting Files";
			sourceTree = "<group>";
		};
/* End PBXGroup section */

/* Begin PBXNativeTarget section */
		18CF55DD1A1EC6D0005B500F /* 01-Popover的基本使用(掌握) */ = {
			isa = PBXNativeTarget;
			buildConfigurationList = 18CF56011A1EC6D0005B500F /* Build configuration list for PBXNativeTarget "01-Popover的基本使用(掌握)" */;
			buildPhases = (
				18CF55DA1A1EC6D0005B500F /* Sources */,
				18CF55DB1A1EC6D0005B500F /* Frameworks */,
				18CF55DC1A1EC6D0005B500F /* Resources */,
			);
			buildRules = (
			);
			dependencies = (
			);
			name = "01-Popover的基本使用(掌握)";
			productName = "01-Popover的基本使用(掌握)";
			productReference = 18CF55DE1A1EC6D0005B500F /* 01-Popover的基本使用(掌握).app */;
			productType = "com.apple.product-type.application";
		};
		18CF55F61A1EC6D0005B500F /* 01-Popover的基本使用(掌握)Tests */ = {
			isa = PBXNativeTarget;
			buildConfigurationList = 18CF56041A1EC6D0005B500F /* Build configuration list for PBXNativeTarget "01-Popover的基本使用(掌握)Tests" */;
			buildPhases = (
				18CF55F31A1EC6D0005B500F /* Sources */,
				18CF55F41A1EC6D0005B500F /* Frameworks */,
				18CF55F51A1EC6D0005B500F /* Resources */,
			);
			buildRules = (
			);
			dependencies = (
				18CF55F91A1EC6D0005B500F /* PBXTargetDependency */,
			);
			name = "01-Popover的基本使用(掌握)Tests";
			productName = "01-Popover的基本使用(掌握)Tests";
			productReference = 18CF55F71A1EC6D0005B500F /* 01-Popover的基本使用(掌握)Tests.xctest */;
			productType = "com.apple.product-type.bundle.unit-test";
		};
/* End PBXNativeTarget section */

/* Begin PBXProject section */
		18CF55D61A1EC6D0005B500F /* Project object */ = {
			isa = PBXProject;
			attributes = {
				CLASSPREFIX = HM;
				LastUpgradeCheck = 0610;
				ORGANIZATIONNAME = heima;
				TargetAttributes = {
					18CF55DD1A1EC6D0005B500F = {
						CreatedOnToolsVersion = 6.1;
					};
					18CF55F61A1EC6D0005B500F = {
						CreatedOnToolsVersion = 6.1;
						TestTargetID = 18CF55DD1A1EC6D0005B500F;
					};
				};
			};
			buildConfigurationList = 18CF55D91A1EC6D0005B500F /* Build configuration list for PBXProject "01-Popover的基本使用(掌握)" */;
			compatibilityVersion = "Xcode 3.2";
			developmentRegion = English;
			hasScannedForEncodings = 0;
			knownRegions = (
				en,
				Base,
			);
			mainGroup = 18CF55D51A1EC6D0005B500F;
			productRefGroup = 18CF55DF1A1EC6D0005B500F /* Products */;
			projectDirPath = "";
			projectRoot = "";
			targets = (
				18CF55DD1A1EC6D0005B500F /* 01-Popover的基本使用(掌握) */,
				18CF55F61A1EC6D0005B500F /* 01-Popover的基本使用(掌握)Tests */,
			);
		};
/* End PBXProject section */

/* Begin PBXResourcesBuildPhase section */
		18CF55DC1A1EC6D0005B500F /* Resources */ = {
			isa = PBXResourcesBuildPhase;
			buildActionMask = 2147483647;
			files = (
				18CF55ED1A1EC6D0005B500F /* Main.storyboard in Resources */,
				18CF55F21A1EC6D0005B500F /* LaunchScreen.xib in Resources */,
				18CF55EF1A1EC6D0005B500F /* Images.xcassets in Resources */,
			);
			runOnlyForDeploymentPostprocessing = 0;
		};
		18CF55F51A1EC6D0005B500F /* Resources */ = {
			isa = PBXResourcesBuildPhase;
			buildActionMask = 2147483647;
			files = (
			);
			runOnlyForDeploymentPostprocessing = 0;
		};
/* End PBXResourcesBuildPhase section */

/* Begin PBXSourcesBuildPhase section */
		18CF55DA1A1EC6D0005B500F /* Sources */ = {
			isa = PBXSourcesBuildPhase;
			buildActionMask = 2147483647;
			files = (
				18CF55EA1A1EC6D0005B500F /* ViewController.m in Sources */,
				18CF55E71A1EC6D0005B500F /* AppDelegate.m in Sources */,
				18CF56091A1EC9BB005B500F /* HMMenuViewController.m in Sources */,
				18CF55E41A1EC6D0005B500F /* main.m in Sources */,
			);
			runOnlyForDeploymentPostprocessing = 0;
		};
		18CF55F31A1EC6D0005B500F /* Sources */ = {
			isa = PBXSourcesBuildPhase;
			buildActionMask = 2147483647;
			files = (
				18CF55FE1A1EC6D0005B500F /* _1_Popover_________Tests.m in Sources */,
			);
			runOnlyForDeploymentPostprocessing = 0;
		};
/* End PBXSourcesBuildPhase section */

/* Begin PBXTargetDependency section */
		18CF55F91A1EC6D0005B500F /* PBXTargetDependency */ = {
			isa = PBXTargetDependency;
			target = 18CF55DD1A1EC6D0005B500F /* 01-Popover的基本使用(掌握) */;
			targetProxy = 18CF55F81A1EC6D0005B500F /* PBXContainerItemProxy */;
		};
/* End PBXTargetDependency section */

/* Begin PBXVariantGroup section */
		18CF55EB1A1EC6D0005B500F /* Main.storyboard */ = {
			isa = PBXVariantGroup;
			children = (
				18CF55EC1A1EC6D0005B500F /* Base */,
			);
			name = Main.storyboard;
			sourceTree = "<group>";
		};
		18CF55F01A1EC6D0005B500F /* LaunchScreen.xib */ = {
			isa = PBXVariantGroup;
			children = (
				18CF55F11A1EC6D0005B500F /* Base */,
			);
			name = LaunchScreen.xib;
			sourceTree = "<group>";
		};
/* End PBXVariantGroup section */

/* Begin XCBuildConfiguration section */
		18CF55FF1A1EC6D0005B500F /* Debug */ = {
			isa = XCBuildConfiguration;
			buildSettings = {
				ALWAYS_SEARCH_USER_PATHS = NO;
				CLANG_CXX_LANGUAGE_STANDARD = "gnu++0x";
				CLANG_CXX_LIBRARY = "libc++";
				CLANG_ENABLE_MODULES = YES;
				CLANG_ENABLE_OBJC_ARC = YES;
				CLANG_WARN_BOOL_CONVERSION = YES;
				CLANG_WARN_CONSTANT_CONVERSION = YES;
				CLANG_WARN_DIRECT_OBJC_ISA_USAGE = YES_ERROR;
				CLANG_WARN_EMPTY_BODY = YES;
				CLANG_WARN_ENUM_CONVERSION = YES;
				CLANG_WARN_INT_CONVERSION = YES;
				CLANG_WARN_OBJC_ROOT_CLASS = YES_ERROR;
				CLANG_WARN_UNREACHABLE_CODE = YES;
				CLANG_WARN__DUPLICATE_METHOD_MATCH = YES;
				"CODE_SIGN_IDENTITY[sdk=iphoneos*]" = "iPhone Developer";
				COPY_PHASE_STRIP = NO;
				ENABLE_STRICT_OBJC_MSGSEND = YES;
				GCC_C_LANGUAGE_STANDARD = gnu99;
				GCC_DYNAMIC_NO_PIC = NO;
				GCC_OPTIMIZATION_LEVEL = 0;
				GCC_PREPROCESSOR_DEFINITIONS = (
					"DEBUG=1",
					"$(inherited)",
				);
				GCC_SYMBOLS_PRIVATE_EXTERN = NO;
				GCC_WARN_64_TO_32_BIT_CONVERSION = YES;
				GCC_WARN_ABOUT_RETURN_TYPE = YES_ERROR;
				GCC_WARN_UNDECLARED_SELECTOR = YES;
				GCC_WARN_UNINITIALIZED_AUTOS = YES_AGGRESSIVE;
				GCC_WARN_UNUSED_FUNCTION = YES;
				GCC_WARN_UNUSED_VARIABLE = YES;
				IPHONEOS_DEPLOYMENT_TARGET = 8.1;
				MTL_ENABLE_DEBUG_INFO = YES;
				ONLY_ACTIVE_ARCH = YES;
				SDKROOT = iphoneos;
				TARGETED_DEVICE_FAMILY = 2;
			};
			name = Debug;
		};
		18CF56001A1EC6D0005B500F /* Release */ = {
			isa = XCBuildConfiguration;
			buildSettings = {
				ALWAYS_SEARCH_USER_PATHS = NO;
				CLANG_CXX_LANGUAGE_STANDARD = "gnu++0x";
				CLANG_CXX_LIBRARY = "libc++";
				CLANG_ENABLE_MODULES = YES;
				CLANG_ENABLE_OBJC_ARC = YES;
				CLANG_WARN_BOOL_CONVERSION = YES;
				CLANG_WARN_CONSTANT_CONVERSION = YES;
				CLANG_WARN_DIRECT_OBJC_ISA_USAGE = YES_ERROR;
				CLANG_WARN_EMPTY_BODY = YES;
				CLANG_WARN_ENUM_CONVERSION = YES;
				CLANG_WARN_INT_CONVERSION = YES;
				CLANG_WARN_OBJC_ROOT_CLASS = YES_ERROR;
				CLANG_WARN_UNREACHABLE_CODE = YES;
				CLANG_WARN__DUPLICATE_METHOD_MATCH = YES;
				"CODE_SIGN_IDENTITY[sdk=iphoneos*]" = "iPhone Developer";
				COPY_PHASE_STRIP = YES;
				ENABLE_NS_ASSERTIONS = NO;
				ENABLE_STRICT_OBJC_MSGSEND = YES;
				GCC_C_LANGUAGE_STANDARD = gnu99;
				GCC_WARN_64_TO_32_BIT_CONVERSION = YES;
				GCC_WARN_ABOUT_RETURN_TYPE = YES_ERROR;
				GCC_WARN_UNDECLARED_SELECTOR = YES;
				GCC_WARN_UNINITIALIZED_AUTOS = YES_AGGRESSIVE;
				GCC_WARN_UNUSED_FUNCTION = YES;
				GCC_WARN_UNUSED_VARIABLE = YES;
				IPHONEOS_DEPLOYMENT_TARGET = 8.1;
				MTL_ENABLE_DEBUG_INFO = NO;
				SDKROOT = iphoneos;
				TARGETED_DEVICE_FAMILY = 2;
				VALIDATE_PRODUCT = YES;
			};
			name = Release;
		};
		18CF56021A1EC6D0005B500F /* Debug */ = {
			isa = XCBuildConfiguration;
			buildSettings = {
				ASSETCATALOG_COMPILER_APPICON_NAME = AppIcon;
				ASSETCATALOG_COMPILER_LAUNCHIMAGE_NAME = LaunchImage;
				INFOPLIST_FILE = "01-Popover的基本使用(掌握)/Info.plist";
				IPHONEOS_DEPLOYMENT_TARGET = 7.0;
				LD_RUNPATH_SEARCH_PATHS = "$(inherited) @executable_path/Frameworks";
				PRODUCT_NAME = "$(TARGET_NAME)";
				TARGETED_DEVICE_FAMILY = 2;
			};
			name = Debug;
		};
		18CF56031A1EC6D0005B500F /* Release */ = {
			isa = XCBuildConfiguration;
			buildSettings = {
				ASSETCATALOG_COMPILER_APPICON_NAME = AppIcon;
				ASSETCATALOG_COMPILER_LAUNCHIMAGE_NAME = LaunchImage;
				INFOPLIST_FILE = "01-Popover的基本使用(掌握)/Info.plist";
				IPHONEOS_DEPLOYMENT_TARGET = 7.0;
				LD_RUNPATH_SEARCH_PATHS = "$(inherited) @executable_path/Frameworks";
				PRODUCT_NAME = "$(TARGET_NAME)";
				TARGETED_DEVICE_FAMILY = 2;
			};
			name = Release;
		};
		18CF56051A1EC6D0005B500F /* Debug */ = {
			isa = XCBuildConfiguration;
			buildSettings = {
				BUNDLE_LOADER = "$(TEST_HOST)";
				FRAMEWORK_SEARCH_PATHS = (
					"$(SDKROOT)/Developer/Library/Frameworks",
					"$(inherited)",
				);
				GCC_PREPROCESSOR_DEFINITIONS = (
					"DEBUG=1",
					"$(inherited)",
				);
				INFOPLIST_FILE = "01-Popover的基本使用(掌握)Tests/Info.plist";
				LD_RUNPATH_SEARCH_PATHS = "$(inherited) @executable_path/Frameworks @loader_path/Frameworks";
				PRODUCT_NAME = "$(TARGET_NAME)";
				TEST_HOST = "$(BUILT_PRODUCTS_DIR)/01-Popover的基本使用(掌握).app/01-Popover的基本使用(掌握)";
			};
			name = Debug;
		};
		18CF56061A1EC6D0005B500F /* Release */ = {
			isa = XCBuildConfiguration;
			buildSettings = {
				BUNDLE_LOADER = "$(TEST_HOST)";
				FRAMEWORK_SEARCH_PATHS = (
					"$(SDKROOT)/Developer/Library/Frameworks",
					"$(inherited)",
				);
				INFOPLIST_FILE = "01-Popover的基本使用(掌握)Tests/Info.plist";
				LD_RUNPATH_SEARCH_PATHS = "$(inherited) @executable_path/Frameworks @loader_path/Frameworks";
				PRODUCT_NAME = "$(TARGET_NAME)";
				TEST_HOST = "$(BUILT_PRODUCTS_DIR)/01-Popover的基本使用(掌握).app/01-Popover的基本使用(掌握)";
			};
			name = Release;
		};
/* End XCBuildConfiguration section */

/* Begin XCConfigurationList section */
		18CF55D91A1EC6D0005B500F /* Build configuration list for PBXProject "01-Popover的基本使用(掌握)" */ = {
			isa = XCConfigurationList;
			buildConfigurations = (
				18CF55FF1A1EC6D0005B500F /* Debug */,
				18CF56001A1EC6D0005B500F /* Release */,
			);
			defaultConfigurationIsVisible = 0;
			defaultConfigurationName = Release;
		};
		18CF56011A1EC6D0005B500F /* Build configuration list for PBXNativeTarget "01-Popover的基本使用(掌握)" */ = {
			isa = XCConfigurationList;
			buildConfigurations = (
				18CF56021A1EC6D0005B500F /* Debug */,
				18CF56031A1EC6D0005B500F /* Release */,
			);
			defaultConfigurationIsVisible = 0;
		};
		18CF56041A1EC6D0005B500F /* Build configuration list for PBXNativeTarget "01-Popover的基本使用(掌握)Tests" */ = {
			isa = XCConfigurationList;
			buildConfigurations = (
				18CF56051A1EC6D0005B500F /* Debug */,
				18CF56061A1EC6D0005B500F /* Release */,
			);
			defaultConfigurationIsVisible = 0;
		};
/* End XCConfigurationList section */
	};
	rootObject = 18CF55D61A1EC6D0005B500F /* Project object */;
}
